
Microsoft Visual Studio Solution File, Format Version 12.00
# Visual Studio Version 17
VisualStudioVersion = 17.7.34031.279
MinimumVisualStudioVersion = 10.0.40219.1
Project("{9A19103F-16F7-4668-BE54-9A1E7A4F7556}") = "Tea.Api.Admin", "Tea.Api.Admin\Tea.Api.Admin.csproj", "{82B94125-87D1-4373-803A-0D886B8C1562}"
EndProject
Project("{9A19103F-16F7-4668-BE54-9A1E7A4F7556}") = "Tea.Api.Service", "Tea.Api.Service\Tea.Api.Service.csproj", "{2E030E8D-B427-4AF9-8938-F64EC321CB3F}"
EndProject
Project("{9A19103F-16F7-4668-BE54-9A1E7A4F7556}") = "Tea.Api.Data", "Tea.Api.Data\Tea.Api.Data.csproj", "{5971D582-55EF-456C-B853-7CE0C57CDF6D}"
EndProject
Project("{9A19103F-16F7-4668-BE54-9A1E7A4F7556}") = "Tea.Api.Entity", "Tea.Api.Entity\Tea.Api.Entity.csproj", "{00B5C8FA-A90D-4646-833A-94C7BDFF3F7D}"
EndProject
Project("{9A19103F-16F7-4668-BE54-9A1E7A4F7556}") = "Tea.Api.Collection", "Tea.Api.Collection\Tea.Api.Collection.csproj", "{59461EE6-7441-456A-ACBD-7E08013F07DF}"
EndProject
Project("{9A19103F-16F7-4668-BE54-9A1E7A4F7556}") = "Tea.Api.Gateway", "Tea.Api.Gateway\Tea.Api.Gateway.csproj", "{368E15FA-83BA-4140-8B67-1E6423B8AEE5}"
EndProject
Project("{9A19103F-16F7-4668-BE54-9A1E7A4F7556}") = "Tea.Api.Accounts", "..\Tea.Api.Accounts\Tea.Api.Accounts\Tea.Api.Accounts.csproj", "{083D7574-ED1D-4D68-B2C6-01236853C5FC}"
EndProject
Project("{9A19103F-16F7-4668-BE54-9A1E7A4F7556}") = "Tea.Api.Print", "Tea.Api.Print\Tea.Api.Print.csproj", "{3DC89649-A49C-406C-A43F-BD9D09B3DC98}"
EndProject
Project("{FAE04EC0-301F-11D3-BF4B-00C04F79EFBC}") = "Tea.Api.Messaging", "Tea.Api.Messaging\Tea.Api.Messaging.csproj", "{C4B0440B-E6F9-4E83-A535-CBC94EBB9DEB}"
EndProject
Project("{FAE04EC0-301F-11D3-BF4B-00C04F79EFBC}") = "Tea.RMQ.MessageConsume", "Tea.RMQ.MessageConsume\Tea.RMQ.MessageConsume.csproj", "{3C12B7CE-C7F1-4173-968C-E07897385B7A}"
EndProject
Project("{FAE04EC0-301F-11D3-BF4B-00C04F79EFBC}") = "Tea.DbBackup.Worker", "Tea.DbBackup.Worker\Tea.DbBackup.Worker.csproj", "{500264CC-4F7F-414A-90DF-0424AF9ADED0}"
EndProject
Global
	GlobalSection(SolutionConfigurationPlatforms) = preSolution
		Debug|Any CPU = Debug|Any CPU
		Release|Any CPU = Release|Any CPU
	EndGlobalSection
	GlobalSection(ProjectConfigurationPlatforms) = postSolution
		{82B94125-87D1-4373-803A-0D886B8C1562}.Debug|Any CPU.ActiveCfg = Debug|Any CPU
		{82B94125-87D1-4373-803A-0D886B8C1562}.Debug|Any CPU.Build.0 = Debug|Any CPU
		{82B94125-87D1-4373-803A-0D886B8C1562}.Release|Any CPU.ActiveCfg = Release|Any CPU
		{82B94125-87D1-4373-803A-0D886B8C1562}.Release|Any CPU.Build.0 = Release|Any CPU
		{2E030E8D-B427-4AF9-8938-F64EC321CB3F}.Debug|Any CPU.ActiveCfg = Debug|Any CPU
		{2E030E8D-B427-4AF9-8938-F64EC321CB3F}.Debug|Any CPU.Build.0 = Debug|Any CPU
		{2E030E8D-B427-4AF9-8938-F64EC321CB3F}.Release|Any CPU.ActiveCfg = Release|Any CPU
		{2E030E8D-B427-4AF9-8938-F64EC321CB3F}.Release|Any CPU.Build.0 = Release|Any CPU
		{5971D582-55EF-456C-B853-7CE0C57CDF6D}.Debug|Any CPU.ActiveCfg = Debug|Any CPU
		{5971D582-55EF-456C-B853-7CE0C57CDF6D}.Debug|Any CPU.Build.0 = Debug|Any CPU
		{5971D582-55EF-456C-B853-7CE0C57CDF6D}.Release|Any CPU.ActiveCfg = Release|Any CPU
		{5971D582-55EF-456C-B853-7CE0C57CDF6D}.Release|Any CPU.Build.0 = Release|Any CPU
		{00B5C8FA-A90D-4646-833A-94C7BDFF3F7D}.Debug|Any CPU.ActiveCfg = Debug|Any CPU
		{00B5C8FA-A90D-4646-833A-94C7BDFF3F7D}.Debug|Any CPU.Build.0 = Debug|Any CPU
		{00B5C8FA-A90D-4646-833A-94C7BDFF3F7D}.Release|Any CPU.ActiveCfg = Release|Any CPU
		{00B5C8FA-A90D-4646-833A-94C7BDFF3F7D}.Release|Any CPU.Build.0 = Release|Any CPU
		{59461EE6-7441-456A-ACBD-7E08013F07DF}.Debug|Any CPU.ActiveCfg = Debug|Any CPU
		{59461EE6-7441-456A-ACBD-7E08013F07DF}.Debug|Any CPU.Build.0 = Debug|Any CPU
		{59461EE6-7441-456A-ACBD-7E08013F07DF}.Release|Any CPU.ActiveCfg = Release|Any CPU
		{59461EE6-7441-456A-ACBD-7E08013F07DF}.Release|Any CPU.Build.0 = Release|Any CPU
		{368E15FA-83BA-4140-8B67-1E6423B8AEE5}.Debug|Any CPU.ActiveCfg = Debug|Any CPU
		{368E15FA-83BA-4140-8B67-1E6423B8AEE5}.Debug|Any CPU.Build.0 = Debug|Any CPU
		{368E15FA-83BA-4140-8B67-1E6423B8AEE5}.Release|Any CPU.ActiveCfg = Release|Any CPU
		{368E15FA-83BA-4140-8B67-1E6423B8AEE5}.Release|Any CPU.Build.0 = Release|Any CPU
		{083D7574-ED1D-4D68-B2C6-01236853C5FC}.Debug|Any CPU.ActiveCfg = Debug|Any CPU
		{083D7574-ED1D-4D68-B2C6-01236853C5FC}.Debug|Any CPU.Build.0 = Debug|Any CPU
		{083D7574-ED1D-4D68-B2C6-01236853C5FC}.Release|Any CPU.ActiveCfg = Release|Any CPU
		{083D7574-ED1D-4D68-B2C6-01236853C5FC}.Release|Any CPU.Build.0 = Release|Any CPU
		{3DC89649-A49C-406C-A43F-BD9D09B3DC98}.Debug|Any CPU.ActiveCfg = Debug|Any CPU
		{3DC89649-A49C-406C-A43F-BD9D09B3DC98}.Debug|Any CPU.Build.0 = Debug|Any CPU
		{3DC89649-A49C-406C-A43F-BD9D09B3DC98}.Release|Any CPU.ActiveCfg = Release|Any CPU
		{3DC89649-A49C-406C-A43F-BD9D09B3DC98}.Release|Any CPU.Build.0 = Release|Any CPU
		{C4B0440B-E6F9-4E83-A535-CBC94EBB9DEB}.Debug|Any CPU.ActiveCfg = Debug|Any CPU
		{C4B0440B-E6F9-4E83-A535-CBC94EBB9DEB}.Debug|Any CPU.Build.0 = Debug|Any CPU
		{C4B0440B-E6F9-4E83-A535-CBC94EBB9DEB}.Release|Any CPU.ActiveCfg = Release|Any CPU
		{C4B0440B-E6F9-4E83-A535-CBC94EBB9DEB}.Release|Any CPU.Build.0 = Release|Any CPU
		{3C12B7CE-C7F1-4173-968C-E07897385B7A}.Debug|Any CPU.ActiveCfg = Debug|Any CPU
		{3C12B7CE-C7F1-4173-968C-E07897385B7A}.Debug|Any CPU.Build.0 = Debug|Any CPU
		{3C12B7CE-C7F1-4173-968C-E07897385B7A}.Release|Any CPU.ActiveCfg = Release|Any CPU
		{3C12B7CE-C7F1-4173-968C-E07897385B7A}.Release|Any CPU.Build.0 = Release|Any CPU
		{500264CC-4F7F-414A-90DF-0424AF9ADED0}.Debug|Any CPU.ActiveCfg = Debug|Any CPU
		{500264CC-4F7F-414A-90DF-0424AF9ADED0}.Debug|Any CPU.Build.0 = Debug|Any CPU
		{500264CC-4F7F-414A-90DF-0424AF9ADED0}.Release|Any CPU.ActiveCfg = Release|Any CPU
		{500264CC-4F7F-414A-90DF-0424AF9ADED0}.Release|Any CPU.Build.0 = Release|Any CPU
	EndGlobalSection
	GlobalSection(SolutionProperties) = preSolution
		HideSolutionNode = FALSE
	EndGlobalSection
	GlobalSection(ExtensibilityGlobals) = postSolution
		SolutionGuid = {BC37ADC6-FF51-4359-90AD-45C7958B1A87}
	EndGlobalSection
EndGlobal
