
Microsoft Visual Studio Solution File, Format Version 12.00
# Visual Studio Version 17
VisualStudioVersion = 17.7.34031.279
MinimumVisualStudioVersion = 10.0.40219.1
Project("{9A19103F-16F7-4668-BE54-9A1E7A4F7556}") = "Tea.Api.Admin", "Tea.Api.Admin\Tea.Api.Admin.csproj", "{82B94125-87D1-4373-803A-0D886B8C1562}"
EndProject
Project("{9A19103F-16F7-4668-BE54-9A1E7A4F7556}") = "Tea.Api.Service", "Tea.Api.Service\Tea.Api.Service.csproj", "{2E030E8D-B427-4AF9-8938-F64EC321CB3F}"
EndProject
Project("{9A19103F-16F7-4668-BE54-9A1E7A4F7556}") = "Tea.Api.Data", "Tea.Api.Data\Tea.Api.Data.csproj", "{5971D582-55EF-456C-B853-7CE0C57CDF6D}"
EndProject
Project("{9A19103F-16F7-4668-BE54-9A1E7A4F7556}") = "Tea.Api.Entity", "Tea.Api.Entity\Tea.Api.Entity.csproj", "{00B5C8FA-A90D-4646-833A-94C7BDFF3F7D}"
EndProject
Project("{FAE04EC0-301F-11D3-BF4B-00C04F79EFBC}") = "Tea.Api.Collection", "Tea.Api.Collection\Tea.Api.Collection.csproj", "{59461EE6-7441-456A-ACBD-7E08013F07DF}"
EndProject
Project("{FAE04EC0-301F-11D3-BF4B-00C04F79EFBC}") = "Tea.Api.Gateway", "Tea.Api.Gateway\Tea.Api.Gateway.csproj", "{368E15FA-83BA-4140-8B67-1E6423B8AEE5}"
EndProject
Global
	GlobalSection(SolutionConfigurationPlatforms) = preSolution
		Debug|Any CPU = Debug|Any CPU
		Release|Any CPU = Release|Any CPU
	EndGlobalSection
	GlobalSection(ProjectConfigurationPlatforms) = postSolution
		{82B94125-87D1-4373-803A-0D886B8C1562}.Debug|Any CPU.ActiveCfg = Debug|Any CPU
		{82B94125-87D1-4373-803A-0D886B8C1562}.Debug|Any CPU.Build.0 = Debug|Any CPU
		{82B94125-87D1-4373-803A-0D886B8C1562}.Release|Any CPU.ActiveCfg = Release|Any CPU
		{82B94125-87D1-4373-803A-0D886B8C1562}.Release|Any CPU.Build.0 = Release|Any CPU
		{2E030E8D-B427-4AF9-8938-F64EC321CB3F}.Debug|Any CPU.ActiveCfg = Debug|Any CPU
		{2E030E8D-B427-4AF9-8938-F64EC321CB3F}.Debug|Any CPU.Build.0 = Debug|Any CPU
		{2E030E8D-B427-4AF9-8938-F64EC321CB3F}.Release|Any CPU.ActiveCfg = Release|Any CPU
		{2E030E8D-B427-4AF9-8938-F64EC321CB3F}.Release|Any CPU.Build.0 = Release|Any CPU
		{5971D582-55EF-456C-B853-7CE0C57CDF6D}.Debug|Any CPU.ActiveCfg = Debug|Any CPU
		{5971D582-55EF-456C-B853-7CE0C57CDF6D}.Debug|Any CPU.Build.0 = Debug|Any CPU
		{5971D582-55EF-456C-B853-7CE0C57CDF6D}.Release|Any CPU.ActiveCfg = Release|Any CPU
		{5971D582-55EF-456C-B853-7CE0C57CDF6D}.Release|Any CPU.Build.0 = Release|Any CPU
		{00B5C8FA-A90D-4646-833A-94C7BDFF3F7D}.Debug|Any CPU.ActiveCfg = Debug|Any CPU
		{00B5C8FA-A90D-4646-833A-94C7BDFF3F7D}.Debug|Any CPU.Build.0 = Debug|Any CPU
		{00B5C8FA-A90D-4646-833A-94C7BDFF3F7D}.Release|Any CPU.ActiveCfg = Release|Any CPU
		{00B5C8FA-A90D-4646-833A-94C7BDFF3F7D}.Release|Any CPU.Build.0 = Release|Any CPU
		{59461EE6-7441-456A-ACBD-7E08013F07DF}.Debug|Any CPU.ActiveCfg = Debug|Any CPU
		{59461EE6-7441-456A-ACBD-7E08013F07DF}.Debug|Any CPU.Build.0 = Debug|Any CPU
		{59461EE6-7441-456A-ACBD-7E08013F07DF}.Release|Any CPU.ActiveCfg = Release|Any CPU
		{59461EE6-7441-456A-ACBD-7E08013F07DF}.Release|Any CPU.Build.0 = Release|Any CPU
		{368E15FA-83BA-4140-8B67-1E6423B8AEE5}.Debug|Any CPU.ActiveCfg = Debug|Any CPU
		{368E15FA-83BA-4140-8B67-1E6423B8AEE5}.Debug|Any CPU.Build.0 = Debug|Any CPU
		{368E15FA-83BA-4140-8B67-1E6423B8AEE5}.Release|Any CPU.ActiveCfg = Release|Any CPU
		{368E15FA-83BA-4140-8B67-1E6423B8AEE5}.Release|Any CPU.Build.0 = Release|Any CPU
	EndGlobalSection
	GlobalSection(SolutionProperties) = preSolution
		HideSolutionNode = FALSE
	EndGlobalSection
	GlobalSection(ExtensibilityGlobals) = postSolution
		SolutionGuid = {BC37ADC6-FF51-4359-90AD-45C7958B1A87}
	EndGlobalSection
EndGlobal
